
Microsoft Visual Studio Solution File, Format Version 12.00
# Visual Studio Version 17
VisualStudioVersion = 17.0.31903.59
MinimumVisualStudioVersion = 10.0.40219.1
Project("{FAE04EC0-301F-11D3-BF4B-00C04F79EFBC}") = "04. Strings", "04. Strings\04. Strings.csproj", "{8438262B-FC16-452F-8A43-99AD4F0BAF39}"
EndProject
Project("{FAE04EC0-301F-11D3-BF4B-00C04F79EFBC}") = "Enum", "..\Enum\Enum.csproj", "{C9F7B9CF-850B-45C7-86D8-87A17D612FE1}"
EndProject
Global
	GlobalSection(SolutionConfigurationPlatforms) = preSolution
		Debug|Any CPU = Debug|Any CPU
		Debug|x64 = Debug|x64
		Debug|x86 = Debug|x86
		Release|Any CPU = Release|Any CPU
		Release|x64 = Release|x64
		Release|x86 = Release|x86
	EndGlobalSection
	GlobalSection(ProjectConfigurationPlatforms) = postSolution
		{8438262B-FC16-452F-8A43-99AD4F0BAF39}.Debug|Any CPU.ActiveCfg = Debug|Any CPU
		{8438262B-FC16-452F-8A43-99AD4F0BAF39}.Debug|Any CPU.Build.0 = Debug|Any CPU
		{8438262B-FC16-452F-8A43-99AD4F0BAF39}.Debug|x64.ActiveCfg = Debug|Any CPU
		{8438262B-FC16-452F-8A43-99AD4F0BAF39}.Debug|x64.Build.0 = Debug|Any CPU
		{8438262B-FC16-452F-8A43-99AD4F0BAF39}.Debug|x86.ActiveCfg = Debug|Any CPU
		{8438262B-FC16-452F-8A43-99AD4F0BAF39}.Debug|x86.Build.0 = Debug|Any CPU
		{8438262B-FC16-452F-8A43-99AD4F0BAF39}.Release|Any CPU.ActiveCfg = Release|Any CPU
		{8438262B-FC16-452F-8A43-99AD4F0BAF39}.Release|Any CPU.Build.0 = Release|Any CPU
		{8438262B-FC16-452F-8A43-99AD4F0BAF39}.Release|x64.ActiveCfg = Release|Any CPU
		{8438262B-FC16-452F-8A43-99AD4F0BAF39}.Release|x64.Build.0 = Release|Any CPU
		{8438262B-FC16-452F-8A43-99AD4F0BAF39}.Release|x86.ActiveCfg = Release|Any CPU
		{8438262B-FC16-452F-8A43-99AD4F0BAF39}.Release|x86.Build.0 = Release|Any CPU
		{C9F7B9CF-850B-45C7-86D8-87A17D612FE1}.Debug|Any CPU.ActiveCfg = Debug|Any CPU
		{C9F7B9CF-850B-45C7-86D8-87A17D612FE1}.Debug|Any CPU.Build.0 = Debug|Any CPU
		{C9F7B9CF-850B-45C7-86D8-87A17D612FE1}.Debug|x64.ActiveCfg = Debug|Any CPU
		{C9F7B9CF-850B-45C7-86D8-87A17D612FE1}.Debug|x64.Build.0 = Debug|Any CPU
		{C9F7B9CF-850B-45C7-86D8-87A17D612FE1}.Debug|x86.ActiveCfg = Debug|Any CPU
		{C9F7B9CF-850B-45C7-86D8-87A17D612FE1}.Debug|x86.Build.0 = Debug|Any CPU
		{C9F7B9CF-850B-45C7-86D8-87A17D612FE1}.Release|Any CPU.ActiveCfg = Release|Any CPU
		{C9F7B9CF-850B-45C7-86D8-87A17D612FE1}.Release|Any CPU.Build.0 = Release|Any CPU
		{C9F7B9CF-850B-45C7-86D8-87A17D612FE1}.Release|x64.ActiveCfg = Release|Any CPU
		{C9F7B9CF-850B-45C7-86D8-87A17D612FE1}.Release|x64.Build.0 = Release|Any CPU
		{C9F7B9CF-850B-45C7-86D8-87A17D612FE1}.Release|x86.ActiveCfg = Release|Any CPU
		{C9F7B9CF-850B-45C7-86D8-87A17D612FE1}.Release|x86.Build.0 = Release|Any CPU
	EndGlobalSection
	GlobalSection(SolutionProperties) = preSolution
		HideSolutionNode = FALSE
	EndGlobalSection
EndGlobal
