Microsoft Visual Studio Solution File, Format Version 12.00
# Visual Studio Version 17
VisualStudioVersion = 17.5.2.0
MinimumVisualStudioVersion = 10.0.40219.1
Project("{FAE04EC0-301F-11D3-BF4B-00C04F79EFBC}") = "Array", "Array.csproj", "{743D27CA-F6D6-D23E-5CDA-6D28B75F7127}"
EndProject
Global
	GlobalSection(SolutionConfigurationPlatforms) = preSolution
		Debug|Any CPU = Debug|Any CPU
		Release|Any CPU = Release|Any CPU
	EndGlobalSection
	GlobalSection(ProjectConfigurationPlatforms) = postSolution
		{743D27CA-F6D6-D23E-5CDA-6D28B75F7127}.Debug|Any CPU.ActiveCfg = Debug|Any CPU
		{743D27CA-F6D6-D23E-5CDA-6D28B75F7127}.Debug|Any CPU.Build.0 = Debug|Any CPU
		{743D27CA-F6D6-D23E-5CDA-6D28B75F7127}.Release|Any CPU.ActiveCfg = Release|Any CPU
		{743D27CA-F6D6-D23E-5CDA-6D28B75F7127}.Release|Any CPU.Build.0 = Release|Any CPU
	EndGlobalSection
	GlobalSection(SolutionProperties) = preSolution
		HideSolutionNode = FALSE
	EndGlobalSection
	GlobalSection(ExtensibilityGlobals) = postSolution
		SolutionGuid = {D80E683F-D0A4-43FE-BECB-C43667AFE98F}
	EndGlobalSection
EndGlobal
